
Microsoft Visual Studio Solution File, Format Version 12.00
# Visual Studio 15
VisualStudioVersion = 15.0.27130.2003
MinimumVisualStudioVersion = 10.0.40219.1
Project("{2150E333-8FDC-42A3-9474-1A3956D46DE8}") = "Chapter 01", "Chapter 01", "{A00EA75D-B4A5-4E29-827C-08014E3AF8B5}"
EndProject
Project("{2150E333-8FDC-42A3-9474-1A3956D46DE8}") = "Final", "Final", "{D9B35838-28E0-46FB-8871-AC6DAF2A3920}"
EndProject
Project("{2150E333-8FDC-42A3-9474-1A3956D46DE8}") = "Chapter 02", "Chapter 02", "{33892FAA-75A4-482C-874E-96E88EA96EBE}"
EndProject
Project("{2150E333-8FDC-42A3-9474-1A3956D46DE8}") = "Starter", "Starter", "{096EB1B0-DBA1-4AA0-8C10-E6954F354D6B}"
EndProject
Project("{2150E333-8FDC-42A3-9474-1A3956D46DE8}") = "Final", "Final", "{76FF183A-6D19-413E-BADB-4AE47E235483}"
EndProject
Project("{2150E333-8FDC-42A3-9474-1A3956D46DE8}") = "Starter", "Starter", "{4F38EEEB-B012-40CF-9646-F0FB956AF133}"
EndProject
Project("{2150E333-8FDC-42A3-9474-1A3956D46DE8}") = "Chapter 04", "Chapter 04", "{4E98B1A3-A093-4A8A-BCA3-102E3825809A}"
EndProject
Project("{2150E333-8FDC-42A3-9474-1A3956D46DE8}") = "Final", "Final", "{2A86F0B8-635A-4326-8858-2A0320CC51C2}"
EndProject
Project("{2150E333-8FDC-42A3-9474-1A3956D46DE8}") = "Chapter 05", "Chapter 05", "{B2EA78F4-0AFE-4814-B7D5-E2DCE519A421}"
EndProject
Project("{2150E333-8FDC-42A3-9474-1A3956D46DE8}") = "Starter", "Starter", "{0F0C0F1C-44FE-4563-BC3B-C5C79C0A0225}"
EndProject
Project("{2150E333-8FDC-42A3-9474-1A3956D46DE8}") = "Final", "Final", "{4AF9D790-7B98-4E44-8648-F495A7AEB114}"
EndProject
Project("{2150E333-8FDC-42A3-9474-1A3956D46DE8}") = "Chapter 07", "Chapter 07", "{F744C8FD-1C14-494F-855D-E8D8A833F50E}"
EndProject
Project("{2150E333-8FDC-42A3-9474-1A3956D46DE8}") = "Starter", "Starter", "{67C77F89-37CB-4874-9076-74E4884934AD}"
EndProject
Project("{2150E333-8FDC-42A3-9474-1A3956D46DE8}") = "Final", "Final", "{4C25A88B-5969-411A-B4FF-ACC97D8E8166}"
EndProject
Project("{2150E333-8FDC-42A3-9474-1A3956D46DE8}") = "Chapter 08", "Chapter 08", "{36C4D629-D331-49AA-B937-635595C249CB}"
EndProject
Project("{2150E333-8FDC-42A3-9474-1A3956D46DE8}") = "Starter", "Starter", "{6BA38199-B89C-41D4-B433-0804DB4872D3}"
EndProject
Project("{2150E333-8FDC-42A3-9474-1A3956D46DE8}") = "Final", "Final", "{870FAAC1-F8C4-4035-A2A7-D3DD3AE2670C}"
EndProject
Project("{9A19103F-16F7-4668-BE54-9A1E7A4F7556}") = "MasteringEFCore.QueryObjectPattern.Final", "Chapter 8\Final\MasteringEFCore.QueryObjectPattern.Final\MasteringEFCore.QueryObjectPattern.Final.csproj", "{DF226B6A-1D6B-4B9B-BDA0-945F816C301A}"
EndProject
Project("{2150E333-8FDC-42A3-9474-1A3956D46DE8}") = "Chapter 09", "Chapter 09", "{E0817EDA-681E-47CA-8DEA-D242B09D351B}"
EndProject
Project("{2150E333-8FDC-42A3-9474-1A3956D46DE8}") = "Starter", "Starter", "{6F43AB02-D134-41F3-820B-4A75F23D1C97}"
EndProject
Project("{2150E333-8FDC-42A3-9474-1A3956D46DE8}") = "Final", "Final", "{E6F8BBCF-03CB-4B24-BE07-35C16F44E438}"
EndProject
Project("{9A19103F-16F7-4668-BE54-9A1E7A4F7556}") = "MasteringEFCore.Transactions.Starter", "Chapter 9\Starter\MasteringEFCore.Transactions.Starter\MasteringEFCore.Transactions.Starter.csproj", "{10726268-DE55-426A-B8CC-93649BD25022}"
EndProject
Project("{9A19103F-16F7-4668-BE54-9A1E7A4F7556}") = "MasteringEFCore.Transactions.Final", "Chapter 9\Final\MasteringEFCore.Transactions.Final\MasteringEFCore.Transactions.Final.csproj", "{1F8FEA80-828C-43EC-BBA6-F94236B19E27}"
EndProject
Project("{2150E333-8FDC-42A3-9474-1A3956D46DE8}") = "Chapter 10", "Chapter 10", "{C9142BAD-1160-4B2C-ACB8-E5F195723FD5}"
EndProject
Project("{2150E333-8FDC-42A3-9474-1A3956D46DE8}") = "Chapter 11", "Chapter 11", "{BA3D396F-7BDB-4F44-A9B4-50D491D6D062}"
EndProject
Project("{2150E333-8FDC-42A3-9474-1A3956D46DE8}") = "Chapter 12", "Chapter 12", "{9D26ABD4-96CF-4279-8894-9DCD263AFA3B}"
EndProject
Project("{2150E333-8FDC-42A3-9474-1A3956D46DE8}") = "Starter", "Starter", "{57C859EB-9749-41CB-836C-15547A2EF779}"
EndProject
Project("{2150E333-8FDC-42A3-9474-1A3956D46DE8}") = "Final", "Final", "{84F80CB4-C222-4A4D-BEAA-8B0CFC2C3AC9}"
EndProject
Project("{2150E333-8FDC-42A3-9474-1A3956D46DE8}") = "Starter", "Starter", "{D3EE98D6-E65F-403D-AAB8-B53703B7F683}"
EndProject
Project("{2150E333-8FDC-42A3-9474-1A3956D46DE8}") = "Final", "Final", "{B9D32361-EB77-4A2E-8D47-81636A9C3017}"
EndProject
Project("{2150E333-8FDC-42A3-9474-1A3956D46DE8}") = "Starter", "Starter", "{D805F369-0C0E-4B44-B03D-2701317FBF7B}"
EndProject
Project("{2150E333-8FDC-42A3-9474-1A3956D46DE8}") = "Final", "Final", "{18EF86E2-8349-4BB7-97DF-C5EB1CB08E44}"
EndProject
Project("{9A19103F-16F7-4668-BE54-9A1E7A4F7556}") = "MasteringEFCore.Concurrencies.Starter", "Chapter 10\Starter\MasteringEFCore.Concurrencies.Starter\MasteringEFCore.Concurrencies.Starter.csproj", "{5FCF3C0A-6B96-4423-AEDE-4FAF9CCD4CA8}"
EndProject
Project("{9A19103F-16F7-4668-BE54-9A1E7A4F7556}") = "MasteringEFCore.Concurrencies.Final", "Chapter 10\Final\MasteringEFCore.Concurrencies.Final\MasteringEFCore.Concurrencies.Final.csproj", "{C4093249-F08A-47E5-8B68-AB30C07BEBE5}"
EndProject
Project("{9A19103F-16F7-4668-BE54-9A1E7A4F7556}") = "MasteringEFCore.Performance.Starter", "Chapter 11\Starter\MasteringEFCore.Performance.Starter\MasteringEFCore.Performance.Starter.csproj", "{71753BA6-2DF1-4F1C-B90F-CD7439A8BE62}"
EndProject
Project("{9A19103F-16F7-4668-BE54-9A1E7A4F7556}") = "MasteringEFCore.Performance.Final", "Chapter 11\Final\MasteringEFCore.Performance.Final\MasteringEFCore.Performance.Final.csproj", "{4927D706-F6DF-4858-813A-5A6E657CB598}"
EndProject
Project("{9A19103F-16F7-4668-BE54-9A1E7A4F7556}") = "MasteringEFCore.CodeFirst.Starter", "Chapter 1\Starter\MasteringEFCore.CodeFirst.Starter\MasteringEFCore.CodeFirst.Starter.csproj", "{25CA6B9F-2321-4688-BFF2-4B5F9D2082DD}"
EndProject
Project("{9A19103F-16F7-4668-BE54-9A1E7A4F7556}") = "MasteringEFCore.CodeFirst.Final", "Chapter 1\Final\MasteringEFCore.CodeFirst.Final\MasteringEFCore.CodeFirst.Final.csproj", "{9B009DCF-96B2-4097-816C-56991D1D5676}"
EndProject
Project("{9A19103F-16F7-4668-BE54-9A1E7A4F7556}") = "MasteringEFCore.DatabaseFirst.Starter", "Chapter 2\Starter\MasteringEFCore.DatabaseFirst.Starter\MasteringEFCore.DatabaseFirst.Starter.csproj", "{439FD329-A8AC-419A-94F5-84AB77B18A4E}"
EndProject
Project("{9A19103F-16F7-4668-BE54-9A1E7A4F7556}") = "MasteringEFCore.DatabaseFirst.Final", "Chapter 2\Final\MasteringEFCore.DatabaseFirst.Final\MasteringEFCore.DatabaseFirst.Final.csproj", "{60853069-3112-43F7-87F0-0A50849E0DA3}"
EndProject
Project("{2150E333-8FDC-42A3-9474-1A3956D46DE8}") = "Chapter 03", "Chapter 03", "{4D364B78-EBA7-4175-B7FD-AA692943BC98}"
EndProject
Project("{2150E333-8FDC-42A3-9474-1A3956D46DE8}") = "Starter", "Starter", "{982F975B-D5A1-4BB3-B625-4CD2ACCE69EE}"
EndProject
Project("{2150E333-8FDC-42A3-9474-1A3956D46DE8}") = "Final", "Final", "{4F9338B0-D7C0-41F8-8202-8EF778D51B51}"
EndProject
Project("{9A19103F-16F7-4668-BE54-9A1E7A4F7556}") = "MasteringEFCore.Relationship.Starter", "Chapter 3\Starter\MasteringEFCore.Relationship.Starter\MasteringEFCore.Relationship.Starter.csproj", "{EE97B08C-8781-4D84-A1C7-00A87B0221BF}"
EndProject
Project("{9A19103F-16F7-4668-BE54-9A1E7A4F7556}") = "MasteringEFCore.Relationship.Final", "Chapter 3\Final\MasteringEFCore.Relationship.Final\MasteringEFCore.Relationship.Final.csproj", "{4A1ADADB-6FA9-48D7-9995-B10ECD112A2D}"
EndProject
Project("{2150E333-8FDC-42A3-9474-1A3956D46DE8}") = "Starter", "Starter", "{8251E2B7-BFC8-4E04-8726-AD93805997E5}"
EndProject
Project("{9A19103F-16F7-4668-BE54-9A1E7A4F7556}") = "MasteringEFCore.BuildRelationships.Starter", "Chapter 4\Starter\MasteringEFCore.BuildRelationships.Starter\MasteringEFCore.BuildRelationships.Starter.csproj", "{78CD8B9E-287D-4907-A66A-5BEC0BD590BA}"
EndProject
Project("{9A19103F-16F7-4668-BE54-9A1E7A4F7556}") = "MasteringEFCore.BuildRelationships.Final", "Chapter 4\Final\MasteringEFCore.BuildRelationships.Final\MasteringEFCore.BuildRelationships.Final.csproj", "{7324DC5E-9FF3-4A7F-9E2E-1E9A32EBA924}"
EndProject
Project("{9A19103F-16F7-4668-BE54-9A1E7A4F7556}") = "MasteringEFCore.Validations.Starter", "Chapter 5\Starter\MasteringEFCore.Validations.Starter\MasteringEFCore.Validations.Starter.csproj", "{EEDBE438-B972-48BB-A003-B1FAB4485F89}"
EndProject
Project("{9A19103F-16F7-4668-BE54-9A1E7A4F7556}") = "MasteringEFCore.MultiTenancy.Starter", "Chapter 12\Starter\MasteringEFCore.MultiTenancy.Starter\MasteringEFCore.MultiTenancy.Starter.csproj", "{4E093431-0312-4183-B0B0-1C39C44D40AD}"
EndProject
Project("{9A19103F-16F7-4668-BE54-9A1E7A4F7556}") = "MasteringEFCore.MultiTenancy.Final", "Chapter 12\Final\MasteringEFCore.MultiTenancy.Final\MasteringEFCore.MultiTenancy.Final.csproj", "{F2DFB9F7-0431-41D6-A964-74A42231C99D}"
EndProject
Project("{9A19103F-16F7-4668-BE54-9A1E7A4F7556}") = "MasteringEFCore.Validations.Final", "Chapter 5\Final\MasteringEFCore.Validations.Final\MasteringEFCore.Validations.Final.csproj", "{425112C4-A552-43BB-B5C8-2C7F77CF50D7}"
EndProject
Project("{2150E333-8FDC-42A3-9474-1A3956D46DE8}") = "Chapter 06", "Chapter 06", "{BADF7937-27E0-4D37-80CC-E2EA58F0D65A}"
EndProject
Project("{2150E333-8FDC-42A3-9474-1A3956D46DE8}") = "Starter", "Starter", "{D661DBCA-A11B-4284-A8C3-5F3F5E4C217C}"
EndProject
Project("{2150E333-8FDC-42A3-9474-1A3956D46DE8}") = "Final", "Final", "{08F49633-B288-4F6B-B049-B6CD49D53F9B}"
EndProject
Project("{9A19103F-16F7-4668-BE54-9A1E7A4F7556}") = "MasteringEFCore.HackProof.Starter", "Chapter 6\Starter\MasteringEFCore.HackProof.Starter\MasteringEFCore.HackProof.Starter.csproj", "{36EA0A56-B084-4B0B-B54A-6B75C2869CDA}"
EndProject
Project("{9A19103F-16F7-4668-BE54-9A1E7A4F7556}") = "MasteringEFCore.HackProof.Final", "Chapter 6\Final\MasteringEFCore.HackProof.Final\MasteringEFCore.HackProof.Final.csproj", "{EE3ABB43-B0CA-433C-B884-2ACB2A831363}"
EndProject
Project("{9A19103F-16F7-4668-BE54-9A1E7A4F7556}") = "MasteringEFCore.RawSql.Final", "Chapter 7\Final\MasteringEFCore.RawSql.Final\MasteringEFCore.RawSql.Final.csproj", "{E3AC360E-B600-44F4-944E-352B81D3AFD3}"
EndProject
Project("{9A19103F-16F7-4668-BE54-9A1E7A4F7556}") = "MasteringEFCore.QueryObjectPattern.Starter", "Chapter 8\Starter\MasteringEFCore.QueryObjectPattern.Starter\MasteringEFCore.QueryObjectPattern.Starter.csproj", "{F04C33ED-050C-470E-AB0D-F04F8F879B71}"
EndProject
Project("{9A19103F-16F7-4668-BE54-9A1E7A4F7556}") = "MasteringEFCore.RawSql.Starter", "Chapter 7\Starter\MasteringEFCore.RawSql.Starter\MasteringEFCore.RawSql.Starter.csproj", "{A7BED96C-EFBA-4746-A7C2-53F875DC151E}"
EndProject
Global
	GlobalSection(SolutionConfigurationPlatforms) = preSolution
		Debug|Any CPU = Debug|Any CPU
		Release|Any CPU = Release|Any CPU
	EndGlobalSection
	GlobalSection(ProjectConfigurationPlatforms) = postSolution
		{DF226B6A-1D6B-4B9B-BDA0-945F816C301A}.Debug|Any CPU.ActiveCfg = Debug|Any CPU
		{DF226B6A-1D6B-4B9B-BDA0-945F816C301A}.Debug|Any CPU.Build.0 = Debug|Any CPU
		{DF226B6A-1D6B-4B9B-BDA0-945F816C301A}.Release|Any CPU.ActiveCfg = Release|Any CPU
		{DF226B6A-1D6B-4B9B-BDA0-945F816C301A}.Release|Any CPU.Build.0 = Release|Any CPU
		{10726268-DE55-426A-B8CC-93649BD25022}.Debug|Any CPU.ActiveCfg = Debug|Any CPU
		{10726268-DE55-426A-B8CC-93649BD25022}.Debug|Any CPU.Build.0 = Debug|Any CPU
		{10726268-DE55-426A-B8CC-93649BD25022}.Release|Any CPU.ActiveCfg = Release|Any CPU
		{10726268-DE55-426A-B8CC-93649BD25022}.Release|Any CPU.Build.0 = Release|Any CPU
		{1F8FEA80-828C-43EC-BBA6-F94236B19E27}.Debug|Any CPU.ActiveCfg = Debug|Any CPU
		{1F8FEA80-828C-43EC-BBA6-F94236B19E27}.Debug|Any CPU.Build.0 = Debug|Any CPU
		{1F8FEA80-828C-43EC-BBA6-F94236B19E27}.Release|Any CPU.ActiveCfg = Release|Any CPU
		{1F8FEA80-828C-43EC-BBA6-F94236B19E27}.Release|Any CPU.Build.0 = Release|Any CPU
		{5FCF3C0A-6B96-4423-AEDE-4FAF9CCD4CA8}.Debug|Any CPU.ActiveCfg = Debug|Any CPU
		{5FCF3C0A-6B96-4423-AEDE-4FAF9CCD4CA8}.Debug|Any CPU.Build.0 = Debug|Any CPU
		{5FCF3C0A-6B96-4423-AEDE-4FAF9CCD4CA8}.Release|Any CPU.ActiveCfg = Release|Any CPU
		{5FCF3C0A-6B96-4423-AEDE-4FAF9CCD4CA8}.Release|Any CPU.Build.0 = Release|Any CPU
		{C4093249-F08A-47E5-8B68-AB30C07BEBE5}.Debug|Any CPU.ActiveCfg = Debug|Any CPU
		{C4093249-F08A-47E5-8B68-AB30C07BEBE5}.Debug|Any CPU.Build.0 = Debug|Any CPU
		{C4093249-F08A-47E5-8B68-AB30C07BEBE5}.Release|Any CPU.ActiveCfg = Release|Any CPU
		{C4093249-F08A-47E5-8B68-AB30C07BEBE5}.Release|Any CPU.Build.0 = Release|Any CPU
		{71753BA6-2DF1-4F1C-B90F-CD7439A8BE62}.Debug|Any CPU.ActiveCfg = Debug|Any CPU
		{71753BA6-2DF1-4F1C-B90F-CD7439A8BE62}.Debug|Any CPU.Build.0 = Debug|Any CPU
		{71753BA6-2DF1-4F1C-B90F-CD7439A8BE62}.Release|Any CPU.ActiveCfg = Release|Any CPU
		{71753BA6-2DF1-4F1C-B90F-CD7439A8BE62}.Release|Any CPU.Build.0 = Release|Any CPU
		{4927D706-F6DF-4858-813A-5A6E657CB598}.Debug|Any CPU.ActiveCfg = Debug|Any CPU
		{4927D706-F6DF-4858-813A-5A6E657CB598}.Debug|Any CPU.Build.0 = Debug|Any CPU
		{4927D706-F6DF-4858-813A-5A6E657CB598}.Release|Any CPU.ActiveCfg = Release|Any CPU
		{4927D706-F6DF-4858-813A-5A6E657CB598}.Release|Any CPU.Build.0 = Release|Any CPU
		{25CA6B9F-2321-4688-BFF2-4B5F9D2082DD}.Debug|Any CPU.ActiveCfg = Debug|Any CPU
		{25CA6B9F-2321-4688-BFF2-4B5F9D2082DD}.Debug|Any CPU.Build.0 = Debug|Any CPU
		{25CA6B9F-2321-4688-BFF2-4B5F9D2082DD}.Release|Any CPU.ActiveCfg = Release|Any CPU
		{25CA6B9F-2321-4688-BFF2-4B5F9D2082DD}.Release|Any CPU.Build.0 = Release|Any CPU
		{9B009DCF-96B2-4097-816C-56991D1D5676}.Debug|Any CPU.ActiveCfg = Debug|Any CPU
		{9B009DCF-96B2-4097-816C-56991D1D5676}.Debug|Any CPU.Build.0 = Debug|Any CPU
		{9B009DCF-96B2-4097-816C-56991D1D5676}.Release|Any CPU.ActiveCfg = Release|Any CPU
		{9B009DCF-96B2-4097-816C-56991D1D5676}.Release|Any CPU.Build.0 = Release|Any CPU
		{439FD329-A8AC-419A-94F5-84AB77B18A4E}.Debug|Any CPU.ActiveCfg = Debug|Any CPU
		{439FD329-A8AC-419A-94F5-84AB77B18A4E}.Debug|Any CPU.Build.0 = Debug|Any CPU
		{439FD329-A8AC-419A-94F5-84AB77B18A4E}.Release|Any CPU.ActiveCfg = Release|Any CPU
		{439FD329-A8AC-419A-94F5-84AB77B18A4E}.Release|Any CPU.Build.0 = Release|Any CPU
		{60853069-3112-43F7-87F0-0A50849E0DA3}.Debug|Any CPU.ActiveCfg = Debug|Any CPU
		{60853069-3112-43F7-87F0-0A50849E0DA3}.Debug|Any CPU.Build.0 = Debug|Any CPU
		{60853069-3112-43F7-87F0-0A50849E0DA3}.Release|Any CPU.ActiveCfg = Release|Any CPU
		{60853069-3112-43F7-87F0-0A50849E0DA3}.Release|Any CPU.Build.0 = Release|Any CPU
		{EE97B08C-8781-4D84-A1C7-00A87B0221BF}.Debug|Any CPU.ActiveCfg = Debug|Any CPU
		{EE97B08C-8781-4D84-A1C7-00A87B0221BF}.Debug|Any CPU.Build.0 = Debug|Any CPU
		{EE97B08C-8781-4D84-A1C7-00A87B0221BF}.Release|Any CPU.ActiveCfg = Release|Any CPU
		{EE97B08C-8781-4D84-A1C7-00A87B0221BF}.Release|Any CPU.Build.0 = Release|Any CPU
		{4A1ADADB-6FA9-48D7-9995-B10ECD112A2D}.Debug|Any CPU.ActiveCfg = Debug|Any CPU
		{4A1ADADB-6FA9-48D7-9995-B10ECD112A2D}.Debug|Any CPU.Build.0 = Debug|Any CPU
		{4A1ADADB-6FA9-48D7-9995-B10ECD112A2D}.Release|Any CPU.ActiveCfg = Release|Any CPU
		{4A1ADADB-6FA9-48D7-9995-B10ECD112A2D}.Release|Any CPU.Build.0 = Release|Any CPU
		{78CD8B9E-287D-4907-A66A-5BEC0BD590BA}.Debug|Any CPU.ActiveCfg = Debug|Any CPU
		{78CD8B9E-287D-4907-A66A-5BEC0BD590BA}.Debug|Any CPU.Build.0 = Debug|Any CPU
		{78CD8B9E-287D-4907-A66A-5BEC0BD590BA}.Release|Any CPU.ActiveCfg = Release|Any CPU
		{78CD8B9E-287D-4907-A66A-5BEC0BD590BA}.Release|Any CPU.Build.0 = Release|Any CPU
		{7324DC5E-9FF3-4A7F-9E2E-1E9A32EBA924}.Debug|Any CPU.ActiveCfg = Debug|Any CPU
		{7324DC5E-9FF3-4A7F-9E2E-1E9A32EBA924}.Debug|Any CPU.Build.0 = Debug|Any CPU
		{7324DC5E-9FF3-4A7F-9E2E-1E9A32EBA924}.Release|Any CPU.ActiveCfg = Release|Any CPU
		{7324DC5E-9FF3-4A7F-9E2E-1E9A32EBA924}.Release|Any CPU.Build.0 = Release|Any CPU
		{EEDBE438-B972-48BB-A003-B1FAB4485F89}.Debug|Any CPU.ActiveCfg = Debug|Any CPU
		{EEDBE438-B972-48BB-A003-B1FAB4485F89}.Debug|Any CPU.Build.0 = Debug|Any CPU
		{EEDBE438-B972-48BB-A003-B1FAB4485F89}.Release|Any CPU.ActiveCfg = Release|Any CPU
		{EEDBE438-B972-48BB-A003-B1FAB4485F89}.Release|Any CPU.Build.0 = Release|Any CPU
		{4E093431-0312-4183-B0B0-1C39C44D40AD}.Debug|Any CPU.ActiveCfg = Debug|Any CPU
		{4E093431-0312-4183-B0B0-1C39C44D40AD}.Debug|Any CPU.Build.0 = Debug|Any CPU
		{4E093431-0312-4183-B0B0-1C39C44D40AD}.Release|Any CPU.ActiveCfg = Release|Any CPU
		{4E093431-0312-4183-B0B0-1C39C44D40AD}.Release|Any CPU.Build.0 = Release|Any CPU
		{F2DFB9F7-0431-41D6-A964-74A42231C99D}.Debug|Any CPU.ActiveCfg = Debug|Any CPU
		{F2DFB9F7-0431-41D6-A964-74A42231C99D}.Debug|Any CPU.Build.0 = Debug|Any CPU
		{F2DFB9F7-0431-41D6-A964-74A42231C99D}.Release|Any CPU.ActiveCfg = Release|Any CPU
		{F2DFB9F7-0431-41D6-A964-74A42231C99D}.Release|Any CPU.Build.0 = Release|Any CPU
		{425112C4-A552-43BB-B5C8-2C7F77CF50D7}.Debug|Any CPU.ActiveCfg = Debug|Any CPU
		{425112C4-A552-43BB-B5C8-2C7F77CF50D7}.Debug|Any CPU.Build.0 = Debug|Any CPU
		{425112C4-A552-43BB-B5C8-2C7F77CF50D7}.Release|Any CPU.ActiveCfg = Release|Any CPU
		{425112C4-A552-43BB-B5C8-2C7F77CF50D7}.Release|Any CPU.Build.0 = Release|Any CPU
		{36EA0A56-B084-4B0B-B54A-6B75C2869CDA}.Debug|Any CPU.ActiveCfg = Debug|Any CPU
		{36EA0A56-B084-4B0B-B54A-6B75C2869CDA}.Debug|Any CPU.Build.0 = Debug|Any CPU
		{36EA0A56-B084-4B0B-B54A-6B75C2869CDA}.Release|Any CPU.ActiveCfg = Release|Any CPU
		{36EA0A56-B084-4B0B-B54A-6B75C2869CDA}.Release|Any CPU.Build.0 = Release|Any CPU
		{EE3ABB43-B0CA-433C-B884-2ACB2A831363}.Debug|Any CPU.ActiveCfg = Debug|Any CPU
		{EE3ABB43-B0CA-433C-B884-2ACB2A831363}.Debug|Any CPU.Build.0 = Debug|Any CPU
		{EE3ABB43-B0CA-433C-B884-2ACB2A831363}.Release|Any CPU.ActiveCfg = Release|Any CPU
		{EE3ABB43-B0CA-433C-B884-2ACB2A831363}.Release|Any CPU.Build.0 = Release|Any CPU
		{E3AC360E-B600-44F4-944E-352B81D3AFD3}.Debug|Any CPU.ActiveCfg = Debug|Any CPU
		{E3AC360E-B600-44F4-944E-352B81D3AFD3}.Debug|Any CPU.Build.0 = Debug|Any CPU
		{E3AC360E-B600-44F4-944E-352B81D3AFD3}.Release|Any CPU.ActiveCfg = Release|Any CPU
		{E3AC360E-B600-44F4-944E-352B81D3AFD3}.Release|Any CPU.Build.0 = Release|Any CPU
		{F04C33ED-050C-470E-AB0D-F04F8F879B71}.Debug|Any CPU.ActiveCfg = Debug|Any CPU
		{F04C33ED-050C-470E-AB0D-F04F8F879B71}.Debug|Any CPU.Build.0 = Debug|Any CPU
		{F04C33ED-050C-470E-AB0D-F04F8F879B71}.Release|Any CPU.ActiveCfg = Release|Any CPU
		{F04C33ED-050C-470E-AB0D-F04F8F879B71}.Release|Any CPU.Build.0 = Release|Any CPU
		{A7BED96C-EFBA-4746-A7C2-53F875DC151E}.Debug|Any CPU.ActiveCfg = Debug|Any CPU
		{A7BED96C-EFBA-4746-A7C2-53F875DC151E}.Debug|Any CPU.Build.0 = Debug|Any CPU
		{A7BED96C-EFBA-4746-A7C2-53F875DC151E}.Release|Any CPU.ActiveCfg = Release|Any CPU
		{A7BED96C-EFBA-4746-A7C2-53F875DC151E}.Release|Any CPU.Build.0 = Release|Any CPU
	EndGlobalSection
	GlobalSection(SolutionProperties) = preSolution
		HideSolutionNode = FALSE
	EndGlobalSection
	GlobalSection(NestedProjects) = preSolution
		{D9B35838-28E0-46FB-8871-AC6DAF2A3920} = {A00EA75D-B4A5-4E29-827C-08014E3AF8B5}
		{096EB1B0-DBA1-4AA0-8C10-E6954F354D6B} = {33892FAA-75A4-482C-874E-96E88EA96EBE}
		{76FF183A-6D19-413E-BADB-4AE47E235483} = {33892FAA-75A4-482C-874E-96E88EA96EBE}
		{4F38EEEB-B012-40CF-9646-F0FB956AF133} = {A00EA75D-B4A5-4E29-827C-08014E3AF8B5}
		{2A86F0B8-635A-4326-8858-2A0320CC51C2} = {4E98B1A3-A093-4A8A-BCA3-102E3825809A}
		{0F0C0F1C-44FE-4563-BC3B-C5C79C0A0225} = {B2EA78F4-0AFE-4814-B7D5-E2DCE519A421}
		{4AF9D790-7B98-4E44-8648-F495A7AEB114} = {B2EA78F4-0AFE-4814-B7D5-E2DCE519A421}
		{67C77F89-37CB-4874-9076-74E4884934AD} = {F744C8FD-1C14-494F-855D-E8D8A833F50E}
		{4C25A88B-5969-411A-B4FF-ACC97D8E8166} = {F744C8FD-1C14-494F-855D-E8D8A833F50E}
		{6BA38199-B89C-41D4-B433-0804DB4872D3} = {36C4D629-D331-49AA-B937-635595C249CB}
		{870FAAC1-F8C4-4035-A2A7-D3DD3AE2670C} = {36C4D629-D331-49AA-B937-635595C249CB}
		{DF226B6A-1D6B-4B9B-BDA0-945F816C301A} = {870FAAC1-F8C4-4035-A2A7-D3DD3AE2670C}
		{6F43AB02-D134-41F3-820B-4A75F23D1C97} = {E0817EDA-681E-47CA-8DEA-D242B09D351B}
		{E6F8BBCF-03CB-4B24-BE07-35C16F44E438} = {E0817EDA-681E-47CA-8DEA-D242B09D351B}
		{10726268-DE55-426A-B8CC-93649BD25022} = {6F43AB02-D134-41F3-820B-4A75F23D1C97}
		{1F8FEA80-828C-43EC-BBA6-F94236B19E27} = {E6F8BBCF-03CB-4B24-BE07-35C16F44E438}
		{57C859EB-9749-41CB-836C-15547A2EF779} = {C9142BAD-1160-4B2C-ACB8-E5F195723FD5}
		{84F80CB4-C222-4A4D-BEAA-8B0CFC2C3AC9} = {C9142BAD-1160-4B2C-ACB8-E5F195723FD5}
		{D3EE98D6-E65F-403D-AAB8-B53703B7F683} = {BA3D396F-7BDB-4F44-A9B4-50D491D6D062}
		{B9D32361-EB77-4A2E-8D47-81636A9C3017} = {BA3D396F-7BDB-4F44-A9B4-50D491D6D062}
		{D805F369-0C0E-4B44-B03D-2701317FBF7B} = {9D26ABD4-96CF-4279-8894-9DCD263AFA3B}
		{18EF86E2-8349-4BB7-97DF-C5EB1CB08E44} = {9D26ABD4-96CF-4279-8894-9DCD263AFA3B}
		{5FCF3C0A-6B96-4423-AEDE-4FAF9CCD4CA8} = {57C859EB-9749-41CB-836C-15547A2EF779}
		{C4093249-F08A-47E5-8B68-AB30C07BEBE5} = {84F80CB4-C222-4A4D-BEAA-8B0CFC2C3AC9}
		{71753BA6-2DF1-4F1C-B90F-CD7439A8BE62} = {D3EE98D6-E65F-403D-AAB8-B53703B7F683}
		{4927D706-F6DF-4858-813A-5A6E657CB598} = {B9D32361-EB77-4A2E-8D47-81636A9C3017}
		{25CA6B9F-2321-4688-BFF2-4B5F9D2082DD} = {4F38EEEB-B012-40CF-9646-F0FB956AF133}
		{9B009DCF-96B2-4097-816C-56991D1D5676} = {D9B35838-28E0-46FB-8871-AC6DAF2A3920}
		{439FD329-A8AC-419A-94F5-84AB77B18A4E} = {096EB1B0-DBA1-4AA0-8C10-E6954F354D6B}
		{60853069-3112-43F7-87F0-0A50849E0DA3} = {76FF183A-6D19-413E-BADB-4AE47E235483}
		{982F975B-D5A1-4BB3-B625-4CD2ACCE69EE} = {4D364B78-EBA7-4175-B7FD-AA692943BC98}
		{4F9338B0-D7C0-41F8-8202-8EF778D51B51} = {4D364B78-EBA7-4175-B7FD-AA692943BC98}
		{EE97B08C-8781-4D84-A1C7-00A87B0221BF} = {982F975B-D5A1-4BB3-B625-4CD2ACCE69EE}
		{4A1ADADB-6FA9-48D7-9995-B10ECD112A2D} = {4F9338B0-D7C0-41F8-8202-8EF778D51B51}
		{8251E2B7-BFC8-4E04-8726-AD93805997E5} = {4E98B1A3-A093-4A8A-BCA3-102E3825809A}
		{78CD8B9E-287D-4907-A66A-5BEC0BD590BA} = {8251E2B7-BFC8-4E04-8726-AD93805997E5}
		{7324DC5E-9FF3-4A7F-9E2E-1E9A32EBA924} = {2A86F0B8-635A-4326-8858-2A0320CC51C2}
		{EEDBE438-B972-48BB-A003-B1FAB4485F89} = {0F0C0F1C-44FE-4563-BC3B-C5C79C0A0225}
		{4E093431-0312-4183-B0B0-1C39C44D40AD} = {D805F369-0C0E-4B44-B03D-2701317FBF7B}
		{F2DFB9F7-0431-41D6-A964-74A42231C99D} = {18EF86E2-8349-4BB7-97DF-C5EB1CB08E44}
		{425112C4-A552-43BB-B5C8-2C7F77CF50D7} = {4AF9D790-7B98-4E44-8648-F495A7AEB114}
		{D661DBCA-A11B-4284-A8C3-5F3F5E4C217C} = {BADF7937-27E0-4D37-80CC-E2EA58F0D65A}
		{08F49633-B288-4F6B-B049-B6CD49D53F9B} = {BADF7937-27E0-4D37-80CC-E2EA58F0D65A}
		{36EA0A56-B084-4B0B-B54A-6B75C2869CDA} = {D661DBCA-A11B-4284-A8C3-5F3F5E4C217C}
		{EE3ABB43-B0CA-433C-B884-2ACB2A831363} = {08F49633-B288-4F6B-B049-B6CD49D53F9B}
		{E3AC360E-B600-44F4-944E-352B81D3AFD3} = {4C25A88B-5969-411A-B4FF-ACC97D8E8166}
		{F04C33ED-050C-470E-AB0D-F04F8F879B71} = {6BA38199-B89C-41D4-B433-0804DB4872D3}
		{A7BED96C-EFBA-4746-A7C2-53F875DC151E} = {67C77F89-37CB-4874-9076-74E4884934AD}
	EndGlobalSection
	GlobalSection(ExtensibilityGlobals) = postSolution
		SolutionGuid = {01D495D5-0075-45E2-88A8-83F3A2413F04}
	EndGlobalSection
EndGlobal
